{
  "version": 4,
  "terraform_version": "1.0.6",
  "serial": 12,
  "lineage": "e1bfd878-ffe1-3c6a-7f4d-695e08aebfc4",
  "outputs": {},
  "resources": [
    {
      "mode": "managed",
      "type": "digitalocean_droplet",
      "name": "web",
      "provider": "provider[\"registry.terraform.io/digitalocean/digitalocean\"]",
      "instances": [
        {
          "schema_version": 1,
          "attributes": {
            "backups": false,
            "created_at": "2021-09-18T19:41:56Z",
            "disk": 25,
            "droplet_agent": null,
            "id": "265449273",
            "image": "ubuntu-18-04-x64",
            "ipv4_address": "134.122.113.179",
            "ipv4_address_private": "10.116.0.2",
            "ipv6": false,
            "ipv6_address": "",
            "locked": false,
            "memory": 1024,
            "monitoring": false,
            "name": "web-1",
            "price_hourly": 0.00744,
            "price_monthly": 5,
            "private_networking": true,
            "region": "nyc1",
            "resize_disk": true,
            "size": "s-1vcpu-1gb",
            "ssh_keys": [
              "ba:77:92:35:9f:7d:b3:0c:a3:7c:69:ac:cc:f5:fe:81"
            ],
            "status": "active",
            "tags": null,
            "urn": "do:droplet:265449273",
            "user_data": "7598feda02a41764ba783d073baacafe21a30110",
            "vcpus": 1,
            "volume_ids": [],
            "vpc_uuid": "22baeaaa-9a3c-4017-be93-1941b1e9b31c"
          },
          "sensitive_attributes": [],
          "private": "eyJzY2hlbWFfdmVyc2lvbiI6IjEifQ==",
          "dependencies": [
            "digitalocean_ssh_key.pelado"
          ]
        }
      ]
    },
    {
      "mode": "managed",
      "type": "digitalocean_ssh_key",
      "name": "pelado",
      "provider": "provider[\"registry.terraform.io/digitalocean/digitalocean\"]",
      "instances": [
        {
          "schema_version": 0,
          "attributes": {
            "fingerprint": "ba:77:92:35:9f:7d:b3:0c:a3:7c:69:ac:cc:f5:fe:81",
            "id": "31320884",
            "name": "pelado",
            "public_key": "ssh-rsa AAAAB3NzaC1yc2EAAAADAQABAAABgQDPMU7aIBhqHBhRM1kUPpBK6QfnyzzQt4gW7r1H5UcVk31BcArTAzP6A/u0WNPn4jcBjTbWPlved8bUU6klfOmWPr4oefrRubrocIACtqemsiJiPYZXvbQvQ00QFIOtKSc7Y7z6SYXa8XLBKPrcXyHrTY665ZJMeJUgs57whZH9BXh6x4OA4sWNVNX1JsF6QlKx1TPEIspoPTS6EoaaVDl2sQZ6Pz8abmjGkz+NcQH0Rdu4AQ+JrOLtNpxc3hmuMuH7qrMdsKNjk+JDrUpzVa1+BFQbwdsB/9IRIpNjw26GU644pVH1q/Pferk5w9BCvBr8NBBEyZon1LEVynlHQcoY57LyGYAuMUJgXDZgXyA9/BBjhC/ZHiC9Uq0Dzj0cpSdTRyKsNBGGqGkgmMncJjnHBuHwd7rfvieLKn7zaBNOa4s6rbX97Q//oADh2bde+A2JZCh35MYXP6L4tqqOI7y/5JAcuJAyCOx4hurO1bZL5fwAuzlISqPltWUhA8DAf30= ndf@ndf-T480s\n"
          },
          "sensitive_attributes": [],
          "private": "bnVsbA=="
        }
      ]
    }
  ]
}
